
Microsoft Visual Studio Solution File, Format Version 12.00
# Visual Studio Version 16
VisualStudioVersion = 16.0.31702.278
MinimumVisualStudioVersion = 10.0.40219.1
Project("{FAE04EC0-301F-11D3-BF4B-00C04F79EFBC}") = "Conditional-Statements", "Conditional-Statements.csproj", "{DB955020-27FB-4401-BE29-348317944929}"
EndProject
Global
	GlobalSection(SolutionConfigurationPlatforms) = preSolution
		Debug|Any CPU = Debug|Any CPU
		Release|Any CPU = Release|Any CPU
	EndGlobalSection
	GlobalSection(ProjectConfigurationPlatforms) = postSolution
		{DB955020-27FB-4401-BE29-348317944929}.Debug|Any CPU.ActiveCfg = Debug|Any CPU
		{DB955020-27FB-4401-BE29-348317944929}.Debug|Any CPU.Build.0 = Debug|Any CPU
		{DB955020-27FB-4401-BE29-348317944929}.Release|Any CPU.ActiveCfg = Release|Any CPU
		{DB955020-27FB-4401-BE29-348317944929}.Release|Any CPU.Build.0 = Release|Any CPU
	EndGlobalSection
	GlobalSection(SolutionProperties) = preSolution
		HideSolutionNode = FALSE
	EndGlobalSection
	GlobalSection(ExtensibilityGlobals) = postSolution
		SolutionGuid = {0FED8335-B66D-49B3-A39D-B8B7633FE53F}
	EndGlobalSection
EndGlobal
